// !$*UTF8*$!
{
	archiveVersion = 1;
	classes = {
	};
	objectVersion = 56;
	objects = {

/* Begin PBXBuildFile section */
		0E29527B2D7107030079479A /* MapFeatureNavigator.swift in Sources */ = {isa = PBXBuildFile; fileRef = 0E29527A2D7107030079479A /* MapFeatureNavigator.swift */; };
		0E29527D2D7113D10079479A /* MKMapRect+CoordinateArray.swift in Sources */ = {isa = PBXBuildFile; fileRef = 0E29527C2D7113D10079479A /* MKMapRect+CoordinateArray.swift */; };
		0E2952802D711AC00079479A /* CreatePolylineView.swift in Sources */ = {isa = PBXBuildFile; fileRef = 0E29527F2D711AC00079479A /* CreatePolylineView.swift */; };
		0E2952822D711B0F0079479A /* ModifyPolylineView.swift in Sources */ = {isa = PBXBuildFile; fileRef = 0E2952812D711B0F0079479A /* ModifyPolylineView.swift */; };
		0E29529E2D72EBA50079479A /* PolylineMapOverlay.swift in Sources */ = {isa = PBXBuildFile; fileRef = 0E29529D2D72EBA50079479A /* PolylineMapOverlay.swift */; };
		0E2952A02D72ED140079479A /* AnnotationMapOverlay.swift in Sources */ = {isa = PBXBuildFile; fileRef = 0E29529F2D72ED140079479A /* AnnotationMapOverlay.swift */; };
		0E36EA852D73A25800C163E9 /* AnnotationProvider.swift in Sources */ = {isa = PBXBuildFile; fileRef = 0E36EA842D73A25800C163E9 /* AnnotationProvider.swift */; };
		0E36EA872D73A2E400C163E9 /* PolylineProvider.swift in Sources */ = {isa = PBXBuildFile; fileRef = 0E36EA862D73A2E400C163E9 /* PolylineProvider.swift */; };
		0E36EA8B2D73F53400C163E9 /* NewPolylineManager.swift in Sources */ = {isa = PBXBuildFile; fileRef = 0E36EA8A2D73F53400C163E9 /* NewPolylineManager.swift */; };
		0E36EA8D2D73F8EB00C163E9 /* MapEditingMode.swift in Sources */ = {isa = PBXBuildFile; fileRef = 0E36EA8C2D73F8EB00C163E9 /* MapEditingMode.swift */; };
		0E36EA8F2D73FF1200C163E9 /* DraggablePolylinePoint.swift in Sources */ = {isa = PBXBuildFile; fileRef = 0E36EA8E2D73FF1200C163E9 /* DraggablePolylinePoint.swift */; };
		0E36EAEC2D75032100C163E9 /* StringInterpolation+format.swift in Sources */ = {isa = PBXBuildFile; fileRef = 0E36EAEB2D75032100C163E9 /* StringInterpolation+format.swift */; };
		0E36EAEE2D75046100C163E9 /* LocationTrackingManager.swift in Sources */ = {isa = PBXBuildFile; fileRef = 0E36EAED2D75046100C163E9 /* LocationTrackingManager.swift */; };
		0E8EF05B2D70528E006145C0 /* PolylineData.swift in Sources */ = {isa = PBXBuildFile; fileRef = 0E8EF05A2D70528E006145C0 /* PolylineData.swift */; };
		0E8EF05D2D705806006145C0 /* PolylineDetailView.swift in Sources */ = {isa = PBXBuildFile; fileRef = 0E8EF05C2D705806006145C0 /* PolylineDetailView.swift */; };
		0E8EF05F2D705BFA006145C0 /* PolylineData+CoreLocation.swift in Sources */ = {isa = PBXBuildFile; fileRef = 0E8EF05E2D705BFA006145C0 /* PolylineData+CoreLocation.swift */; };
		0E9512C52BB5282D00E9CA83 /* NewAnnotationManager.swift in Sources */ = {isa = PBXBuildFile; fileRef = 0E9512C42BB5282D00E9CA83 /* NewAnnotationManager.swift */; };
		0E9512C72BB532FC00E9CA83 /* CurrentModelVersion.swift in Sources */ = {isa = PBXBuildFile; fileRef = 0E9512C62BB532FC00E9CA83 /* CurrentModelVersion.swift */; };
		0E9512C92BB5332F00E9CA83 /* AnnotationData+CoreLocation.swift in Sources */ = {isa = PBXBuildFile; fileRef = 0E9512C82BB5332F00E9CA83 /* AnnotationData+CoreLocation.swift */; };
		0E9512CB2BB533E900E9CA83 /* Binding+Extension.swift in Sources */ = {isa = PBXBuildFile; fileRef = 0E9512CA2BB533E900E9CA83 /* Binding+Extension.swift */; };
		0E9512CD2BB5342D00E9CA83 /* Triangle.swift in Sources */ = {isa = PBXBuildFile; fileRef = 0E9512CC2BB5342D00E9CA83 /* Triangle.swift */; };
		0E9B1AF32D3DF0D600174ECE /* PersistentEditableModel.swift in Sources */ = {isa = PBXBuildFile; fileRef = 0E9B1AF22D3DF0D600174ECE /* PersistentEditableModel.swift */; };
		0EA4BD472B9151AF005259B4 /* MakeAMapApp.swift in Sources */ = {isa = PBXBuildFile; fileRef = 0EA4BD462B9151AF005259B4 /* MakeAMapApp.swift */; };
		0EA4BD492B9151AF005259B4 /* ContentView.swift in Sources */ = {isa = PBXBuildFile; fileRef = 0EA4BD482B9151AF005259B4 /* ContentView.swift */; };
		0EA4BD4B2B9151AF005259B4 /* AnnotationData.swift in Sources */ = {isa = PBXBuildFile; fileRef = 0EA4BD4A2B9151AF005259B4 /* AnnotationData.swift */; };
		0EA4BD4D2B9151B0005259B4 /* Assets.xcassets in Resources */ = {isa = PBXBuildFile; fileRef = 0EA4BD4C2B9151B0005259B4 /* Assets.xcassets */; };
		0EA4BD502B9151B0005259B4 /* Preview Assets.xcassets in Resources */ = {isa = PBXBuildFile; fileRef = 0EA4BD4F2B9151B0005259B4 /* Preview Assets.xcassets */; };
		0EA4BD572B9151E6005259B4 /* DetailedMapView.swift in Sources */ = {isa = PBXBuildFile; fileRef = 0EA4BD562B9151E6005259B4 /* DetailedMapView.swift */; };
		0EA4BD592B91C848005259B4 /* AnnotationDetailView.swift in Sources */ = {isa = PBXBuildFile; fileRef = 0EA4BD582B91C848005259B4 /* AnnotationDetailView.swift */; };
		0EA4BD5B2B91CD3B005259B4 /* CreateAnnotationView.swift in Sources */ = {isa = PBXBuildFile; fileRef = 0EA4BD5A2B91CD3B005259B4 /* CreateAnnotationView.swift */; };
		0EA4BD5D2B92C5EC005259B4 /* CLLocationCoordinate2D+Hashable.swift in Sources */ = {isa = PBXBuildFile; fileRef = 0EA4BD5C2B92C5EC005259B4 /* CLLocationCoordinate2D+Hashable.swift */; };
		0EA4BD602B93D2BB005259B4 /* Coordinate.swift in Sources */ = {isa = PBXBuildFile; fileRef = 0EA4BD5F2B93D2BB005259B4 /* Coordinate.swift */; };
		0EA4BD622B93F487005259B4 /* ModifyAnnotationView.swift in Sources */ = {isa = PBXBuildFile; fileRef = 0EA4BD612B93F487005259B4 /* ModifyAnnotationView.swift */; };
		0EE453052BAD3F05007C40DE /* PresentationDetent+Extension.swift in Sources */ = {isa = PBXBuildFile; fileRef = 0EE453042BAD3F05007C40DE /* PresentationDetent+Extension.swift */; };
		0EE453072BAD5639007C40DE /* DraggablePin.swift in Sources */ = {isa = PBXBuildFile; fileRef = 0EE453062BAD5639007C40DE /* DraggablePin.swift */; };
		0EE453092BAD5FF3007C40DE /* MapPreview.swift in Sources */ = {isa = PBXBuildFile; fileRef = 0EE453082BAD5FF3007C40DE /* MapPreview.swift */; };
		0EE4530B2BAD619E007C40DE /* MapFeature.swift in Sources */ = {isa = PBXBuildFile; fileRef = 0EE4530A2BAD619E007C40DE /* MapFeature.swift */; };
/* End PBXBuildFile section */

/* Begin PBXFileReference section */
		0E29527A2D7107030079479A /* MapFeatureNavigator.swift */ = {isa = PBXFileReference; lastKnownFileType = sourcecode.swift; path = MapFeatureNavigator.swift; sourceTree = "<group>"; };
		0E29527C2D7113D10079479A /* MKMapRect+CoordinateArray.swift */ = {isa = PBXFileReference; lastKnownFileType = sourcecode.swift; path = "MKMapRect+CoordinateArray.swift"; sourceTree = "<group>"; };
		0E29527F2D711AC00079479A /* CreatePolylineView.swift */ = {isa = PBXFileReference; lastKnownFileType = sourcecode.swift; path = CreatePolylineView.swift; sourceTree = "<group>"; };
		0E2952812D711B0F0079479A /* ModifyPolylineView.swift */ = {isa = PBXFileReference; lastKnownFileType = sourcecode.swift; path = ModifyPolylineView.swift; sourceTree = "<group>"; };
		0E29529D2D72EBA50079479A /* PolylineMapOverlay.swift */ = {isa = PBXFileReference; lastKnownFileType = sourcecode.swift; path = PolylineMapOverlay.swift; sourceTree = "<group>"; };
		0E29529F2D72ED140079479A /* AnnotationMapOverlay.swift */ = {isa = PBXFileReference; lastKnownFileType = sourcecode.swift; path = AnnotationMapOverlay.swift; sourceTree = "<group>"; };
		0E36EA842D73A25800C163E9 /* AnnotationProvider.swift */ = {isa = PBXFileReference; lastKnownFileType = sourcecode.swift; path = AnnotationProvider.swift; sourceTree = "<group>"; };
		0E36EA862D73A2E400C163E9 /* PolylineProvider.swift */ = {isa = PBXFileReference; lastKnownFileType = sourcecode.swift; path = PolylineProvider.swift; sourceTree = "<group>"; };
		0E36EA8A2D73F53400C163E9 /* NewPolylineManager.swift */ = {isa = PBXFileReference; lastKnownFileType = sourcecode.swift; path = NewPolylineManager.swift; sourceTree = "<group>"; };
		0E36EA8C2D73F8EB00C163E9 /* MapEditingMode.swift */ = {isa = PBXFileReference; lastKnownFileType = sourcecode.swift; path = MapEditingMode.swift; sourceTree = "<group>"; };
		0E36EA8E2D73FF1200C163E9 /* DraggablePolylinePoint.swift */ = {isa = PBXFileReference; lastKnownFileType = sourcecode.swift; path = DraggablePolylinePoint.swift; sourceTree = "<group>"; };
		0E36EAEB2D75032100C163E9 /* StringInterpolation+format.swift */ = {isa = PBXFileReference; lastKnownFileType = sourcecode.swift; path = "StringInterpolation+format.swift"; sourceTree = "<group>"; };
		0E36EAED2D75046100C163E9 /* LocationTrackingManager.swift */ = {isa = PBXFileReference; lastKnownFileType = sourcecode.swift; path = LocationTrackingManager.swift; sourceTree = "<group>"; };
		0E8EF05A2D70528E006145C0 /* PolylineData.swift */ = {isa = PBXFileReference; lastKnownFileType = sourcecode.swift; path = PolylineData.swift; sourceTree = "<group>"; };
		0E8EF05C2D705806006145C0 /* PolylineDetailView.swift */ = {isa = PBXFileReference; lastKnownFileType = sourcecode.swift; path = PolylineDetailView.swift; sourceTree = "<group>"; };
		0E8EF05E2D705BFA006145C0 /* PolylineData+CoreLocation.swift */ = {isa = PBXFileReference; lastKnownFileType = sourcecode.swift; path = "PolylineData+CoreLocation.swift"; sourceTree = "<group>"; };
		0E9512C42BB5282D00E9CA83 /* NewAnnotationManager.swift */ = {isa = PBXFileReference; lastKnownFileType = sourcecode.swift; path = NewAnnotationManager.swift; sourceTree = "<group>"; };
		0E9512C62BB532FC00E9CA83 /* CurrentModelVersion.swift */ = {isa = PBXFileReference; lastKnownFileType = sourcecode.swift; path = CurrentModelVersion.swift; sourceTree = "<group>"; };
		0E9512C82BB5332F00E9CA83 /* AnnotationData+CoreLocation.swift */ = {isa = PBXFileReference; lastKnownFileType = sourcecode.swift; path = "AnnotationData+CoreLocation.swift"; sourceTree = "<group>"; };
		0E9512CA2BB533E900E9CA83 /* Binding+Extension.swift */ = {isa = PBXFileReference; lastKnownFileType = sourcecode.swift; path = "Binding+Extension.swift"; sourceTree = "<group>"; };
		0E9512CC2BB5342D00E9CA83 /* Triangle.swift */ = {isa = PBXFileReference; lastKnownFileType = sourcecode.swift; path = Triangle.swift; sourceTree = "<group>"; };
		0E9B1AF22D3DF0D600174ECE /* PersistentEditableModel.swift */ = {isa = PBXFileReference; lastKnownFileType = sourcecode.swift; path = PersistentEditableModel.swift; sourceTree = "<group>"; };
		0EA4BD432B9151AF005259B4 /* MakeAMap.app */ = {isa = PBXFileReference; explicitFileType = wrapper.application; includeInIndex = 0; path = MakeAMap.app; sourceTree = BUILT_PRODUCTS_DIR; };
		0EA4BD462B9151AF005259B4 /* MakeAMapApp.swift */ = {isa = PBXFileReference; lastKnownFileType = sourcecode.swift; path = MakeAMapApp.swift; sourceTree = "<group>"; };
		0EA4BD482B9151AF005259B4 /* ContentView.swift */ = {isa = PBXFileReference; lastKnownFileType = sourcecode.swift; path = ContentView.swift; sourceTree = "<group>"; };
		0EA4BD4A2B9151AF005259B4 /* AnnotationData.swift */ = {isa = PBXFileReference; lastKnownFileType = sourcecode.swift; path = AnnotationData.swift; sourceTree = "<group>"; };
		0EA4BD4C2B9151B0005259B4 /* Assets.xcassets */ = {isa = PBXFileReference; lastKnownFileType = folder.assetcatalog; path = Assets.xcassets; sourceTree = "<group>"; };
		0EA4BD4F2B9151B0005259B4 /* Preview Assets.xcassets */ = {isa = PBXFileReference; lastKnownFileType = folder.assetcatalog; path = "Preview Assets.xcassets"; sourceTree = "<group>"; };
		0EA4BD562B9151E6005259B4 /* DetailedMapView.swift */ = {isa = PBXFileReference; lastKnownFileType = sourcecode.swift; path = DetailedMapView.swift; sourceTree = "<group>"; };
		0EA4BD582B91C848005259B4 /* AnnotationDetailView.swift */ = {isa = PBXFileReference; lastKnownFileType = sourcecode.swift; path = AnnotationDetailView.swift; sourceTree = "<group>"; };
		0EA4BD5A2B91CD3B005259B4 /* CreateAnnotationView.swift */ = {isa = PBXFileReference; lastKnownFileType = sourcecode.swift; path = CreateAnnotationView.swift; sourceTree = "<group>"; };
		0EA4BD5C2B92C5EC005259B4 /* CLLocationCoordinate2D+Hashable.swift */ = {isa = PBXFileReference; lastKnownFileType = sourcecode.swift; path = "CLLocationCoordinate2D+Hashable.swift"; sourceTree = "<group>"; };
		0EA4BD5F2B93D2BB005259B4 /* Coordinate.swift */ = {isa = PBXFileReference; lastKnownFileType = sourcecode.swift; path = Coordinate.swift; sourceTree = "<group>"; };
		0EA4BD612B93F487005259B4 /* ModifyAnnotationView.swift */ = {isa = PBXFileReference; lastKnownFileType = sourcecode.swift; path = ModifyAnnotationView.swift; sourceTree = "<group>"; };
		0EE453042BAD3F05007C40DE /* PresentationDetent+Extension.swift */ = {isa = PBXFileReference; lastKnownFileType = sourcecode.swift; path = "PresentationDetent+Extension.swift"; sourceTree = "<group>"; };
		0EE453062BAD5639007C40DE /* DraggablePin.swift */ = {isa = PBXFileReference; lastKnownFileType = sourcecode.swift; path = DraggablePin.swift; sourceTree = "<group>"; };
		0EE453082BAD5FF3007C40DE /* MapPreview.swift */ = {isa = PBXFileReference; lastKnownFileType = sourcecode.swift; path = MapPreview.swift; sourceTree = "<group>"; };
		0EE4530A2BAD619E007C40DE /* MapFeature.swift */ = {isa = PBXFileReference; lastKnownFileType = sourcecode.swift; path = MapFeature.swift; sourceTree = "<group>"; };
/* End PBXFileReference section */

/* Begin PBXFrameworksBuildPhase section */
		0EA4BD402B9151AF005259B4 /* Frameworks */ = {
			isa = PBXFrameworksBuildPhase;
			buildActionMask = 2147483647;
			files = (
			);
			runOnlyForDeploymentPostprocessing = 0;
		};
/* End PBXFrameworksBuildPhase section */

/* Begin PBXGroup section */
		0E29527E2D711A930079479A /* PolylineView */ = {
			isa = PBXGroup;
			children = (
				0E8EF05C2D705806006145C0 /* PolylineDetailView.swift */,
				0E29527F2D711AC00079479A /* CreatePolylineView.swift */,
				0E2952812D711B0F0079479A /* ModifyPolylineView.swift */,
				0E29529D2D72EBA50079479A /* PolylineMapOverlay.swift */,
			);
			path = PolylineView;
			sourceTree = "<group>";
		};
		0E36EA902D74F33100C163E9 /* SwiftData */ = {
			isa = PBXGroup;
			children = (
				0EA4BD4A2B9151AF005259B4 /* AnnotationData.swift */,
				0E8EF05A2D70528E006145C0 /* PolylineData.swift */,
				0E9512C62BB532FC00E9CA83 /* CurrentModelVersion.swift */,
				0E9B1AF22D3DF0D600174ECE /* PersistentEditableModel.swift */,
			);
			path = SwiftData;
			sourceTree = "<group>";
		};
		0EA4BD3A2B9151AF005259B4 = {
			isa = PBXGroup;
			children = (
				0EA4BD452B9151AF005259B4 /* MakeAMap */,
				0EA4BD442B9151AF005259B4 /* Products */,
			);
			sourceTree = "<group>";
		};
		0EA4BD442B9151AF005259B4 /* Products */ = {
			isa = PBXGroup;
			children = (
				0EA4BD432B9151AF005259B4 /* MakeAMap.app */,
			);
			name = Products;
			sourceTree = "<group>";
		};
		0EA4BD452B9151AF005259B4 /* MakeAMap */ = {
			isa = PBXGroup;
			children = (
				0EA4BD662B93FC18005259B4 /* Resources */,
				0EA4BD672B93FC28005259B4 /* Views */,
				0EA4BD682B93FC30005259B4 /* Helpers */,
				0EA4BD5E2B93D2B1005259B4 /* Models */,
			);
			path = MakeAMap;
			sourceTree = "<group>";
		};
		0EA4BD4E2B9151B0005259B4 /* Preview Content */ = {
			isa = PBXGroup;
			children = (
				0EA4BD4F2B9151B0005259B4 /* Preview Assets.xcassets */,
			);
			path = "Preview Content";
			sourceTree = "<group>";
		};
		0EA4BD5E2B93D2B1005259B4 /* Models */ = {
			isa = PBXGroup;
			children = (
				0E36EA902D74F33100C163E9 /* SwiftData */,
				0E36EA8C2D73F8EB00C163E9 /* MapEditingMode.swift */,
				0E36EA862D73A2E400C163E9 /* PolylineProvider.swift */,
				0E36EA842D73A25800C163E9 /* AnnotationProvider.swift */,
				0EA4BD5F2B93D2BB005259B4 /* Coordinate.swift */,
				0EE4530A2BAD619E007C40DE /* MapFeature.swift */,
			);
			path = Models;
			sourceTree = "<group>";
		};
		0EA4BD632B93F819005259B4 /* AnnotationView */ = {
			isa = PBXGroup;
			children = (
				0EA4BD582B91C848005259B4 /* AnnotationDetailView.swift */,
				0EA4BD5A2B91CD3B005259B4 /* CreateAnnotationView.swift */,
				0EA4BD612B93F487005259B4 /* ModifyAnnotationView.swift */,
				0E29529F2D72ED140079479A /* AnnotationMapOverlay.swift */,
			);
			path = AnnotationView;
			sourceTree = "<group>";
		};
		0EA4BD662B93FC18005259B4 /* Resources */ = {
			isa = PBXGroup;
			children = (
				0EA4BD462B9151AF005259B4 /* MakeAMapApp.swift */,
				0EA4BD4C2B9151B0005259B4 /* Assets.xcassets */,
				0EA4BD4E2B9151B0005259B4 /* Preview Content */,
			);
			path = Resources;
			sourceTree = "<group>";
		};
		0EA4BD672B93FC28005259B4 /* Views */ = {
			isa = PBXGroup;
			children = (
				0EA4BD482B9151AF005259B4 /* ContentView.swift */,
				0E9512CC2BB5342D00E9CA83 /* Triangle.swift */,
				0E29527A2D7107030079479A /* MapFeatureNavigator.swift */,
				0EE4530C2BAD62B3007C40DE /* MapView */,
				0E29527E2D711A930079479A /* PolylineView */,
				0EA4BD632B93F819005259B4 /* AnnotationView */,
			);
			path = Views;
			sourceTree = "<group>";
		};
		0EA4BD682B93FC30005259B4 /* Helpers */ = {
			isa = PBXGroup;
			children = (
				0EE453042BAD3F05007C40DE /* PresentationDetent+Extension.swift */,
				0E9512C82BB5332F00E9CA83 /* AnnotationData+CoreLocation.swift */,
				0E8EF05E2D705BFA006145C0 /* PolylineData+CoreLocation.swift */,
				0E36EAEB2D75032100C163E9 /* StringInterpolation+format.swift */,
				0E9512CA2BB533E900E9CA83 /* Binding+Extension.swift */,
				0EA4BD5C2B92C5EC005259B4 /* CLLocationCoordinate2D+Hashable.swift */,
				0E29527C2D7113D10079479A /* MKMapRect+CoordinateArray.swift */,
			);
			path = Helpers;
			sourceTree = "<group>";
		};
		0EE4530C2BAD62B3007C40DE /* MapView */ = {
			isa = PBXGroup;
			children = (
				0EE453062BAD5639007C40DE /* DraggablePin.swift */,
				0E36EA8E2D73FF1200C163E9 /* DraggablePolylinePoint.swift */,
				0EA4BD562B9151E6005259B4 /* DetailedMapView.swift */,
				0E9512C42BB5282D00E9CA83 /* NewAnnotationManager.swift */,
				0E36EA8A2D73F53400C163E9 /* NewPolylineManager.swift */,
				0E36EAED2D75046100C163E9 /* LocationTrackingManager.swift */,
				0EE453082BAD5FF3007C40DE /* MapPreview.swift */,
			);
			path = MapView;
			sourceTree = "<group>";
		};
/* End PBXGroup section */

/* Begin PBXNativeTarget section */
		0EA4BD422B9151AF005259B4 /* MakeAMap */ = {
			isa = PBXNativeTarget;
			buildConfigurationList = 0EA4BD532B9151B0005259B4 /* Build configuration list for PBXNativeTarget "MakeAMap" */;
			buildPhases = (
				0EA4BD3F2B9151AF005259B4 /* Sources */,
				0EA4BD402B9151AF005259B4 /* Frameworks */,
				0EA4BD412B9151AF005259B4 /* Resources */,
			);
			buildRules = (
			);
			dependencies = (
			);
			name = MakeAMap;
			productName = MakeAMap;
			productReference = 0EA4BD432B9151AF005259B4 /* MakeAMap.app */;
			productType = "com.apple.product-type.application";
		};
/* End PBXNativeTarget section */

/* Begin PBXProject section */
		0EA4BD3B2B9151AF005259B4 /* Project object */ = {
			isa = PBXProject;
			attributes = {
				BuildIndependentTargetsInParallel = 1;
				LastSwiftUpdateCheck = 1520;
				LastUpgradeCheck = 1520;
				TargetAttributes = {
					0EA4BD422B9151AF005259B4 = {
						CreatedOnToolsVersion = 15.2;
					};
				};
			};
			buildConfigurationList = 0EA4BD3E2B9151AF005259B4 /* Build configuration list for PBXProject "MakeAMap" */;
			compatibilityVersion = "Xcode 14.0";
			developmentRegion = en;
			hasScannedForEncodings = 0;
			knownRegions = (
				en,
				Base,
			);
			mainGroup = 0EA4BD3A2B9151AF005259B4;
			packageReferences = (
			);
			productRefGroup = 0EA4BD442B9151AF005259B4 /* Products */;
			projectDirPath = "";
			projectRoot = "";
			targets = (
				0EA4BD422B9151AF005259B4 /* MakeAMap */,
			);
		};
/* End PBXProject section */

/* Begin PBXResourcesBuildPhase section */
		0EA4BD412B9151AF005259B4 /* Resources */ = {
			isa = PBXResourcesBuildPhase;
			buildActionMask = 2147483647;
			files = (
				0EA4BD502B9151B0005259B4 /* Preview Assets.xcassets in Resources */,
				0EA4BD4D2B9151B0005259B4 /* Assets.xcassets in Resources */,
			);
			runOnlyForDeploymentPostprocessing = 0;
		};
/* End PBXResourcesBuildPhase section */

/* Begin PBXSourcesBuildPhase section */
		0EA4BD3F2B9151AF005259B4 /* Sources */ = {
			isa = PBXSourcesBuildPhase;
			buildActionMask = 2147483647;
			files = (
				0E36EA852D73A25800C163E9 /* AnnotationProvider.swift in Sources */,
				0E2952822D711B0F0079479A /* ModifyPolylineView.swift in Sources */,
				0EE453092BAD5FF3007C40DE /* MapPreview.swift in Sources */,
				0EA4BD5D2B92C5EC005259B4 /* CLLocationCoordinate2D+Hashable.swift in Sources */,
				0E36EAEE2D75046100C163E9 /* LocationTrackingManager.swift in Sources */,
				0E2952802D711AC00079479A /* CreatePolylineView.swift in Sources */,
				0E8EF05D2D705806006145C0 /* PolylineDetailView.swift in Sources */,
				0EE453052BAD3F05007C40DE /* PresentationDetent+Extension.swift in Sources */,
				0E8EF05F2D705BFA006145C0 /* PolylineData+CoreLocation.swift in Sources */,
				0E9512CD2BB5342D00E9CA83 /* Triangle.swift in Sources */,
				0E29527B2D7107030079479A /* MapFeatureNavigator.swift in Sources */,
				0E9512C52BB5282D00E9CA83 /* NewAnnotationManager.swift in Sources */,
				0E36EA8D2D73F8EB00C163E9 /* MapEditingMode.swift in Sources */,
				0E9512C72BB532FC00E9CA83 /* CurrentModelVersion.swift in Sources */,
				0EA4BD492B9151AF005259B4 /* ContentView.swift in Sources */,
				0EA4BD572B9151E6005259B4 /* DetailedMapView.swift in Sources */,
				0EE453072BAD5639007C40DE /* DraggablePin.swift in Sources */,
				0EA4BD602B93D2BB005259B4 /* Coordinate.swift in Sources */,
				0EA4BD4B2B9151AF005259B4 /* AnnotationData.swift in Sources */,
				0E29527D2D7113D10079479A /* MKMapRect+CoordinateArray.swift in Sources */,
				0E36EA872D73A2E400C163E9 /* PolylineProvider.swift in Sources */,
				0E9512C92BB5332F00E9CA83 /* AnnotationData+CoreLocation.swift in Sources */,
				0EE4530B2BAD619E007C40DE /* MapFeature.swift in Sources */,
				0E9512CB2BB533E900E9CA83 /* Binding+Extension.swift in Sources */,
				0EA4BD472B9151AF005259B4 /* MakeAMapApp.swift in Sources */,
				0E36EAEC2D75032100C163E9 /* StringInterpolation+format.swift in Sources */,
				0E9B1AF32D3DF0D600174ECE /* PersistentEditableModel.swift in Sources */,
				0E36EA8B2D73F53400C163E9 /* NewPolylineManager.swift in Sources */,
				0E8EF05B2D70528E006145C0 /* PolylineData.swift in Sources */,
				0EA4BD592B91C848005259B4 /* AnnotationDetailView.swift in Sources */,
				0E36EA8F2D73FF1200C163E9 /* DraggablePolylinePoint.swift in Sources */,
				0E2952A02D72ED140079479A /* AnnotationMapOverlay.swift in Sources */,
				0E29529E2D72EBA50079479A /* PolylineMapOverlay.swift in Sources */,
				0EA4BD622B93F487005259B4 /* ModifyAnnotationView.swift in Sources */,
				0EA4BD5B2B91CD3B005259B4 /* CreateAnnotationView.swift in Sources */,
			);
			runOnlyForDeploymentPostprocessing = 0;
		};
/* End PBXSourcesBuildPhase section */

/* Begin XCBuildConfiguration section */
		0EA4BD512B9151B0005259B4 /* Debug */ = {
			isa = XCBuildConfiguration;
			buildSettings = {
				ALWAYS_SEARCH_USER_PATHS = NO;
				ASSETCATALOG_COMPILER_GENERATE_SWIFT_ASSET_SYMBOL_EXTENSIONS = YES;
				CLANG_ANALYZER_NONNULL = YES;
				CLANG_ANALYZER_NUMBER_OBJECT_CONVERSION = YES_AGGRESSIVE;
				CLANG_CXX_LANGUAGE_STANDARD = "gnu++20";
				CLANG_ENABLE_MODULES = YES;
				CLANG_ENABLE_OBJC_ARC = YES;
				CLANG_ENABLE_OBJC_WEAK = YES;
				CLANG_WARN_BLOCK_CAPTURE_AUTORELEASING = YES;
				CLANG_WARN_BOOL_CONVERSION = YES;
				CLANG_WARN_COMMA = YES;
				CLANG_WARN_CONSTANT_CONVERSION = YES;
				CLANG_WARN_DEPRECATED_OBJC_IMPLEMENTATIONS = YES;
				CLANG_WARN_DIRECT_OBJC_ISA_USAGE = YES_ERROR;
				CLANG_WARN_DOCUMENTATION_COMMENTS = YES;
				CLANG_WARN_EMPTY_BODY = YES;
				CLANG_WARN_ENUM_CONVERSION = YES;
				CLANG_WARN_INFINITE_RECURSION = YES;
				CLANG_WARN_INT_CONVERSION = YES;
				CLANG_WARN_NON_LITERAL_NULL_CONVERSION = YES;
				CLANG_WARN_OBJC_IMPLICIT_RETAIN_SELF = YES;
				CLANG_WARN_OBJC_LITERAL_CONVERSION = YES;
				CLANG_WARN_OBJC_ROOT_CLASS = YES_ERROR;
				CLANG_WARN_QUOTED_INCLUDE_IN_FRAMEWORK_HEADER = YES;
				CLANG_WARN_RANGE_LOOP_ANALYSIS = YES;
				CLANG_WARN_STRICT_PROTOTYPES = YES;
				CLANG_WARN_SUSPICIOUS_MOVE = YES;
				CLANG_WARN_UNGUARDED_AVAILABILITY = YES_AGGRESSIVE;
				CLANG_WARN_UNREACHABLE_CODE = YES;
				CLANG_WARN__DUPLICATE_METHOD_MATCH = YES;
				COPY_PHASE_STRIP = NO;
				DEBUG_INFORMATION_FORMAT = dwarf;
				ENABLE_STRICT_OBJC_MSGSEND = YES;
				ENABLE_TESTABILITY = YES;
				ENABLE_USER_SCRIPT_SANDBOXING = YES;
				GCC_C_LANGUAGE_STANDARD = gnu17;
				GCC_DYNAMIC_NO_PIC = NO;
				GCC_NO_COMMON_BLOCKS = YES;
				GCC_OPTIMIZATION_LEVEL = 0;
				GCC_PREPROCESSOR_DEFINITIONS = (
					"DEBUG=1",
					"$(inherited)",
				);
				GCC_WARN_64_TO_32_BIT_CONVERSION = YES;
				GCC_WARN_ABOUT_RETURN_TYPE = YES_ERROR;
				GCC_WARN_UNDECLARED_SELECTOR = YES;
				GCC_WARN_UNINITIALIZED_AUTOS = YES_AGGRESSIVE;
				GCC_WARN_UNUSED_FUNCTION = YES;
				GCC_WARN_UNUSED_VARIABLE = YES;
				IPHONEOS_DEPLOYMENT_TARGET = 17.2;
				LOCALIZATION_PREFERS_STRING_CATALOGS = YES;
				MTL_ENABLE_DEBUG_INFO = INCLUDE_SOURCE;
				MTL_FAST_MATH = YES;
				ONLY_ACTIVE_ARCH = YES;
				SDKROOT = iphoneos;
				SWIFT_ACTIVE_COMPILATION_CONDITIONS = "DEBUG $(inherited)";
				SWIFT_OPTIMIZATION_LEVEL = "-Onone";
			};
			name = Debug;
		};
		0EA4BD522B9151B0005259B4 /* Release */ = {
			isa = XCBuildConfiguration;
			buildSettings = {
				ALWAYS_SEARCH_USER_PATHS = NO;
				ASSETCATALOG_COMPILER_GENERATE_SWIFT_ASSET_SYMBOL_EXTENSIONS = YES;
				CLANG_ANALYZER_NONNULL = YES;
				CLANG_ANALYZER_NUMBER_OBJECT_CONVERSION = YES_AGGRESSIVE;
				CLANG_CXX_LANGUAGE_STANDARD = "gnu++20";
				CLANG_ENABLE_MODULES = YES;
				CLANG_ENABLE_OBJC_ARC = YES;
				CLANG_ENABLE_OBJC_WEAK = YES;
				CLANG_WARN_BLOCK_CAPTURE_AUTORELEASING = YES;
				CLANG_WARN_BOOL_CONVERSION = YES;
				CLANG_WARN_COMMA = YES;
				CLANG_WARN_CONSTANT_CONVERSION = YES;
				CLANG_WARN_DEPRECATED_OBJC_IMPLEMENTATIONS = YES;
				CLANG_WARN_DIRECT_OBJC_ISA_USAGE = YES_ERROR;
				CLANG_WARN_DOCUMENTATION_COMMENTS = YES;
				CLANG_WARN_EMPTY_BODY = YES;
				CLANG_WARN_ENUM_CONVERSION = YES;
				CLANG_WARN_INFINITE_RECURSION = YES;
				CLANG_WARN_INT_CONVERSION = YES;
				CLANG_WARN_NON_LITERAL_NULL_CONVERSION = YES;
				CLANG_WARN_OBJC_IMPLICIT_RETAIN_SELF = YES;
				CLANG_WARN_OBJC_LITERAL_CONVERSION = YES;
				CLANG_WARN_OBJC_ROOT_CLASS = YES_ERROR;
				CLANG_WARN_QUOTED_INCLUDE_IN_FRAMEWORK_HEADER = YES;
				CLANG_WARN_RANGE_LOOP_ANALYSIS = YES;
				CLANG_WARN_STRICT_PROTOTYPES = YES;
				CLANG_WARN_SUSPICIOUS_MOVE = YES;
				CLANG_WARN_UNGUARDED_AVAILABILITY = YES_AGGRESSIVE;
				CLANG_WARN_UNREACHABLE_CODE = YES;
				CLANG_WARN__DUPLICATE_METHOD_MATCH = YES;
				COPY_PHASE_STRIP = NO;
				DEBUG_INFORMATION_FORMAT = "dwarf-with-dsym";
				ENABLE_NS_ASSERTIONS = NO;
				ENABLE_STRICT_OBJC_MSGSEND = YES;
				ENABLE_USER_SCRIPT_SANDBOXING = YES;
				GCC_C_LANGUAGE_STANDARD = gnu17;
				GCC_NO_COMMON_BLOCKS = YES;
				GCC_WARN_64_TO_32_BIT_CONVERSION = YES;
				GCC_WARN_ABOUT_RETURN_TYPE = YES_ERROR;
				GCC_WARN_UNDECLARED_SELECTOR = YES;
				GCC_WARN_UNINITIALIZED_AUTOS = YES_AGGRESSIVE;
				GCC_WARN_UNUSED_FUNCTION = YES;
				GCC_WARN_UNUSED_VARIABLE = YES;
				IPHONEOS_DEPLOYMENT_TARGET = 17.2;
				LOCALIZATION_PREFERS_STRING_CATALOGS = YES;
				MTL_ENABLE_DEBUG_INFO = NO;
				MTL_FAST_MATH = YES;
				SDKROOT = iphoneos;
				SWIFT_COMPILATION_MODE = wholemodule;
				VALIDATE_PRODUCT = YES;
			};
			name = Release;
		};
		0EA4BD542B9151B0005259B4 /* Debug */ = {
			isa = XCBuildConfiguration;
			buildSettings = {
				ASSETCATALOG_COMPILER_APPICON_NAME = AppIcon;
				ASSETCATALOG_COMPILER_GLOBAL_ACCENT_COLOR_NAME = AccentColor;
				CODE_SIGN_STYLE = Automatic;
				CURRENT_PROJECT_VERSION = 1;
				DEVELOPMENT_ASSET_PATHS = "\"MakeAMap/Resources/Preview Content\"";
				DEVELOPMENT_TEAM = HFR8F4BT7E;
				ENABLE_PREVIEWS = YES;
				GENERATE_INFOPLIST_FILE = YES;
				INFOPLIST_KEY_LSApplicationCategoryType = "public.app-category.travel";
				INFOPLIST_KEY_NSLocationWhenInUseUsageDescription = "MakeAMap requires location access to show your location on the map and to follow your location when path tracking is enabled. Your data is stored on-device and is never transfered anywhere.";
				INFOPLIST_KEY_UIApplicationSceneManifest_Generation = YES;
				INFOPLIST_KEY_UIApplicationSupportsIndirectInputEvents = YES;
				INFOPLIST_KEY_UILaunchScreen_Generation = YES;
				INFOPLIST_KEY_UISupportedInterfaceOrientations_iPad = "UIInterfaceOrientationPortrait UIInterfaceOrientationPortraitUpsideDown UIInterfaceOrientationLandscapeLeft UIInterfaceOrientationLandscapeRight";
				INFOPLIST_KEY_UISupportedInterfaceOrientations_iPhone = "UIInterfaceOrientationPortrait UIInterfaceOrientationLandscapeLeft UIInterfaceOrientationLandscapeRight";
				IPHONEOS_DEPLOYMENT_TARGET = 17.0;
				LD_RUNPATH_SEARCH_PATHS = (
					"$(inherited)",
					"@executable_path/Frameworks",
				);
				MARKETING_VERSION = 1.0;
				PRODUCT_BUNDLE_IDENTIFIER = com.mazjap.MakeAMap;
				PRODUCT_NAME = "$(TARGET_NAME)";
				SWIFT_EMIT_LOC_STRINGS = YES;
				SWIFT_VERSION = 5.0;
				TARGETED_DEVICE_FAMILY = "1,2";
			};
			name = Debug;
		};
		0EA4BD552B9151B0005259B4 /* Release */ = {
			isa = XCBuildConfiguration;
			buildSettings = {
				ASSETCATALOG_COMPILER_APPICON_NAME = AppIcon;
				ASSETCATALOG_COMPILER_GLOBAL_ACCENT_COLOR_NAME = AccentColor;
				CODE_SIGN_STYLE = Automatic;
				CURRENT_PROJECT_VERSION = 1;
				DEVELOPMENT_ASSET_PATHS = "\"MakeAMap/Resources/Preview Content\"";
				DEVELOPMENT_TEAM = HFR8F4BT7E;
				ENABLE_PREVIEWS = YES;
				GENERATE_INFOPLIST_FILE = YES;
				INFOPLIST_KEY_LSApplicationCategoryType = "public.app-category.travel";
				INFOPLIST_KEY_NSLocationWhenInUseUsageDescription = "MakeAMap requires location access to show your location on the map and to follow your location when path tracking is enabled. Your data is stored on-device and is never transfered anywhere.";
				INFOPLIST_KEY_UIApplicationSceneManifest_Generation = YES;
				INFOPLIST_KEY_UIApplicationSupportsIndirectInputEvents = YES;
				INFOPLIST_KEY_UILaunchScreen_Generation = YES;
				INFOPLIST_KEY_UISupportedInterfaceOrientations_iPad = "UIInterfaceOrientationPortrait UIInterfaceOrientationPortraitUpsideDown UIInterfaceOrientationLandscapeLeft UIInterfaceOrientationLandscapeRight";
				INFOPLIST_KEY_UISupportedInterfaceOrientations_iPhone = "UIInterfaceOrientationPortrait UIInterfaceOrientationLandscapeLeft UIInterfaceOrientationLandscapeRight";
				IPHONEOS_DEPLOYMENT_TARGET = 17.0;
				LD_RUNPATH_SEARCH_PATHS = (
					"$(inherited)",
					"@executable_path/Frameworks",
				);
				MARKETING_VERSION = 1.0;
				PRODUCT_BUNDLE_IDENTIFIER = com.mazjap.MakeAMap;
				PRODUCT_NAME = "$(TARGET_NAME)";
				SWIFT_EMIT_LOC_STRINGS = YES;
				SWIFT_VERSION = 5.0;
				TARGETED_DEVICE_FAMILY = "1,2";
			};
			name = Release;
		};
/* End XCBuildConfiguration section */

/* Begin XCConfigurationList section */
		0EA4BD3E2B9151AF005259B4 /* Build configuration list for PBXProject "MakeAMap" */ = {
			isa = XCConfigurationList;
			buildConfigurations = (
				0EA4BD512B9151B0005259B4 /* Debug */,
				0EA4BD522B9151B0005259B4 /* Release */,
			);
			defaultConfigurationIsVisible = 0;
			defaultConfigurationName = Release;
		};
		0EA4BD532B9151B0005259B4 /* Build configuration list for PBXNativeTarget "MakeAMap" */ = {
			isa = XCConfigurationList;
			buildConfigurations = (
				0EA4BD542B9151B0005259B4 /* Debug */,
				0EA4BD552B9151B0005259B4 /* Release */,
			);
			defaultConfigurationIsVisible = 0;
			defaultConfigurationName = Release;
		};
/* End XCConfigurationList section */
	};
	rootObject = 0EA4BD3B2B9151AF005259B4 /* Project object */;
}
