{
  "originHash" : "44eb3828cef35ede88e82f5ffada4f0b0a081a544b807ca4e704247ad712d3cd",
  "pins" : [
    {
      "identity" : "warmtoast",
      "kind" : "remoteSourceControl",
      "location" : "https://github.com/mazjap/warmtoast.git",
      "state" : {
        "revision" : "b51fdb58227f7f1d036b65aa7dfa9c9278033508",
        "version" : "0.0.1"
      }
    }
  ],
  "version" : 3
}
